// !$*UTF8*$!
{
	archiveVersion = 1;
	classes = {
	};
	objectVersion = 54;
	objects = {

/* Begin PBXBuildFile section */
		00E356F31AD99517003FC87E /* minusmayacontrolteacherTests.m in Sources */ = {isa = PBXBuildFile; fileRef = 00E356F21AD99517003FC87E /* minusmayacontrolteacherTests.m */; };
		13B07FBC1A68108700A75B9A /* AppDelegate.m in Sources */ = {isa = PBXBuildFile; fileRef = 13B07FB01A68108700A75B9A /* AppDelegate.m */; };
		13B07FBF1A68108700A75B9A /* Images.xcassets in Resources */ = {isa = PBXBuildFile; fileRef = 13B07FB51A68108700A75B9A /* Images.xcassets */; };
		13B07FC11A68108700A75B9A /* main.m in Sources */ = {isa = PBXBuildFile; fileRef = 13B07FB71A68108700A75B9A /* main.m */; };
		81AB9BB82411601600AC10FF /* LaunchScreen.storyboard in Resources */ = {isa = PBXBuildFile; fileRef = 81AB9BB72411601600AC10FF /* LaunchScreen.storyboard */; };
		7D53854F91234AD397DE8B1F /* AntDesign.ttf in Resources */ = {isa = PBXBuildFile; fileRef = A0C7D34A4EE744D9A2CDFB75 /* AntDesign.ttf */; };
		66E26F8ECA01407795173443 /* Entypo.ttf in Resources */ = {isa = PBXBuildFile; fileRef = 5E265F08851B431B8A0732DB /* Entypo.ttf */; };
		598686C7B6D241C7B631EF39 /* EvilIcons.ttf in Resources */ = {isa = PBXBuildFile; fileRef = C8721D7A143949C3AA29767E /* EvilIcons.ttf */; };
		6BA2AAEAFA274A27A8C642FA /* Feather.ttf in Resources */ = {isa = PBXBuildFile; fileRef = 0ED9A423F0D04E11A661258A /* Feather.ttf */; };
		40A146BC71E8453D847485C2 /* FontAwesome.ttf in Resources */ = {isa = PBXBuildFile; fileRef = AB40F852BD66496A8CB824EB /* FontAwesome.ttf */; };
		DBF58B2D442344A1811D284C /* FontAwesome5_Brands.ttf in Resources */ = {isa = PBXBuildFile; fileRef = 754A28D694A2482C818EE4D3 /* FontAwesome5_Brands.ttf */; };
		AA42918C9C114FC6A8B54715 /* FontAwesome5_Regular.ttf in Resources */ = {isa = PBXBuildFile; fileRef = 65376AD1CB8B488D89CC0E14 /* FontAwesome5_Regular.ttf */; };
		69CAEB5C275C4906A1258B27 /* FontAwesome5_Solid.ttf in Resources */ = {isa = PBXBuildFile; fileRef = 2F82F48993CF4166994B8C95 /* FontAwesome5_Solid.ttf */; };
		DF6267E61D6E4E609CF50779 /* Fontisto.ttf in Resources */ = {isa = PBXBuildFile; fileRef = 3E6E17CBFE6640DFBEB23B98 /* Fontisto.ttf */; };
		F7D39DD4AF4940108A447A80 /* Foundation.ttf in Resources */ = {isa = PBXBuildFile; fileRef = F78E2ABF77544830B482EA29 /* Foundation.ttf */; };
		AAD248C466374B50A2693CFC /* Ionicons.ttf in Resources */ = {isa = PBXBuildFile; fileRef = 11FE755FB23B441D80FA62D7 /* Ionicons.ttf */; };
		6399428E925A41B1B887A98E /* MaterialCommunityIcons.ttf in Resources */ = {isa = PBXBuildFile; fileRef = 28CB4486DF9D4242828EFCD1 /* MaterialCommunityIcons.ttf */; };
		46DDF121E614484D87A07A4E /* MaterialIcons.ttf in Resources */ = {isa = PBXBuildFile; fileRef = 6B1EBD6C716548C19640F10C /* MaterialIcons.ttf */; };
		915A2EE5DAC74527B1B059A5 /* Octicons.ttf in Resources */ = {isa = PBXBuildFile; fileRef = 780E86BBDCBC4712B362CC81 /* Octicons.ttf */; };
		5FBA6097D5F048EC834C5C0F /* SimpleLineIcons.ttf in Resources */ = {isa = PBXBuildFile; fileRef = B629C0B2953E45AD9FD87BDA /* SimpleLineIcons.ttf */; };
		1A1FE54A9F3D49A2A6311CEB /* Zocial.ttf in Resources */ = {isa = PBXBuildFile; fileRef = 8E4E391CF31E495A8B84244E /* Zocial.ttf */; };
		CDAB400EBDB94D15A1264E30 /* Exo-Black.ttf in Resources */ = {isa = PBXBuildFile; fileRef = 7E043514BC8F48FFAA7C8E44 /* Exo-Black.ttf */; };
		1895B0BC83244B3AB2526EC6 /* Exo-BlackItalic.ttf in Resources */ = {isa = PBXBuildFile; fileRef = 47E2F2B2B3F449FE822283CA /* Exo-BlackItalic.ttf */; };
		CCD8E9E0316048CC9BB68139 /* Exo-Bold.ttf in Resources */ = {isa = PBXBuildFile; fileRef = 04D1ED07272946179B9D92D5 /* Exo-Bold.ttf */; };
		7347284C482D4282A6E8F8AB /* Exo-BoldItalic.ttf in Resources */ = {isa = PBXBuildFile; fileRef = 297F0B59083A442C9E701B84 /* Exo-BoldItalic.ttf */; };
		24B58B3097C941759A6FE8D4 /* Exo-ExtraBold.ttf in Resources */ = {isa = PBXBuildFile; fileRef = 326030A9735E48199C42F48C /* Exo-ExtraBold.ttf */; };
		164DA56EC76E4ED3804C6C0B /* Exo-ExtraBoldItalic.ttf in Resources */ = {isa = PBXBuildFile; fileRef = 57B10BBED9B64BAD932416B5 /* Exo-ExtraBoldItalic.ttf */; };
		7EABB765F2964F5AACB0CCE9 /* Exo-ExtraLight.ttf in Resources */ = {isa = PBXBuildFile; fileRef = 72663C396011444BB0A4F148 /* Exo-ExtraLight.ttf */; };
		8328297D0F2F416795194420 /* Exo-ExtraLightItalic.ttf in Resources */ = {isa = PBXBuildFile; fileRef = B2CC8B119DC24A90A9D083FE /* Exo-ExtraLightItalic.ttf */; };
		C11D4B9F20B9444E85CDF87B /* Exo-Italic.ttf in Resources */ = {isa = PBXBuildFile; fileRef = 2207B23A9A344D0286DC5A92 /* Exo-Italic.ttf */; };
		E5D65918091C455D97E0AD1F /* Exo-Light.ttf in Resources */ = {isa = PBXBuildFile; fileRef = 57C731D176444A81B88BB8F3 /* Exo-Light.ttf */; };
		62FC27FC4BBF43929ACFF647 /* Exo-LightItalic.ttf in Resources */ = {isa = PBXBuildFile; fileRef = 90409B9FED854713BBEB2E2E /* Exo-LightItalic.ttf */; };
		7F09212D5F7548D0AB456B83 /* Exo-Medium.ttf in Resources */ = {isa = PBXBuildFile; fileRef = 7946518CCB7144029539B620 /* Exo-Medium.ttf */; };
		55589C99FC5E4D11A18F04D0 /* Exo-MediumItalic.ttf in Resources */ = {isa = PBXBuildFile; fileRef = BD6E85CB642649F895E836F6 /* Exo-MediumItalic.ttf */; };
		321DCFE1777E48B0B2BC9322 /* Exo-Regular.ttf in Resources */ = {isa = PBXBuildFile; fileRef = FA052E3313974C6BBB087FE3 /* Exo-Regular.ttf */; };
		37A78795DB7A41DD88B144A6 /* Exo-SemiBold.ttf in Resources */ = {isa = PBXBuildFile; fileRef = 02598C94072C4F3CACA273DF /* Exo-SemiBold.ttf */; };
		8E4C43904D0E4CD1A3313164 /* Exo-SemiBoldItalic.ttf in Resources */ = {isa = PBXBuildFile; fileRef = 0B64CEE245084DE3A4D85942 /* Exo-SemiBoldItalic.ttf */; };
		8FC70AA0E278421286E7E951 /* Exo-Thin.ttf in Resources */ = {isa = PBXBuildFile; fileRef = 0C793E22E97740ED82F16D1A /* Exo-Thin.ttf */; };
		701F6A223104443CA6D301ED /* Exo-ThinItalic.ttf in Resources */ = {isa = PBXBuildFile; fileRef = A3118C1B8D2A4DCF8D4874E9 /* Exo-ThinItalic.ttf */; };
/* End PBXBuildFile section */

/* Begin PBXContainerItemProxy section */
		00E356F41AD99517003FC87E /* PBXContainerItemProxy */ = {
			isa = PBXContainerItemProxy;
			containerPortal = 83CBB9F71A601CBA00E9B192 /* Project object */;
			proxyType = 1;
			remoteGlobalIDString = 13B07F861A680F5B00A75B9A;
			remoteInfo = minusmayacontrolteacher;
		};
/* End PBXContainerItemProxy section */

/* Begin PBXFileReference section */
		00E356EE1AD99517003FC87E /* minusmayacontrolteacherTests.xctest */ = {isa = PBXFileReference; explicitFileType = wrapper.cfbundle; includeInIndex = 0; path = minusmayacontrolteacherTests.xctest; sourceTree = BUILT_PRODUCTS_DIR; };
		00E356F11AD99517003FC87E /* Info.plist */ = {isa = PBXFileReference; lastKnownFileType = text.plist.xml; path = Info.plist; sourceTree = "<group>"; };
		00E356F21AD99517003FC87E /* minusmayacontrolteacherTests.m */ = {isa = PBXFileReference; lastKnownFileType = sourcecode.c.objc; path = minusmayacontrolteacherTests.m; sourceTree = "<group>"; };
		13B07F961A680F5B00A75B9A /* minusmayacontrolteacher.app */ = {isa = PBXFileReference; explicitFileType = wrapper.application; includeInIndex = 0; path = minusmayacontrolteacher.app; sourceTree = BUILT_PRODUCTS_DIR; };
		13B07FAF1A68108700A75B9A /* AppDelegate.h */ = {isa = PBXFileReference; fileEncoding = 4; lastKnownFileType = sourcecode.c.h; name = AppDelegate.h; path = minusmayacontrolteacher/AppDelegate.h; sourceTree = "<group>"; };
		13B07FB01A68108700A75B9A /* AppDelegate.m */ = {isa = PBXFileReference; fileEncoding = 4; lastKnownFileType = sourcecode.c.objc; name = AppDelegate.m; path = minusmayacontrolteacher/AppDelegate.m; sourceTree = "<group>"; };
		13B07FB51A68108700A75B9A /* Images.xcassets */ = {isa = PBXFileReference; lastKnownFileType = folder.assetcatalog; name = Images.xcassets; path = minusmayacontrolteacher/Images.xcassets; sourceTree = "<group>"; };
		13B07FB61A68108700A75B9A /* Info.plist */ = {isa = PBXFileReference; fileEncoding = 4; lastKnownFileType = text.plist.xml; name = Info.plist; path = minusmayacontrolteacher/Info.plist; sourceTree = "<group>"; };
		13B07FB71A68108700A75B9A /* main.m */ = {isa = PBXFileReference; fileEncoding = 4; lastKnownFileType = sourcecode.c.objc; name = main.m; path = minusmayacontrolteacher/main.m; sourceTree = "<group>"; };
		81AB9BB72411601600AC10FF /* LaunchScreen.storyboard */ = {isa = PBXFileReference; fileEncoding = 4; lastKnownFileType = file.storyboard; name = LaunchScreen.storyboard; path = minusmayacontrolteacher/LaunchScreen.storyboard; sourceTree = "<group>"; };
		ED297162215061F000B7C4FE /* JavaScriptCore.framework */ = {isa = PBXFileReference; lastKnownFileType = wrapper.framework; name = JavaScriptCore.framework; path = System/Library/Frameworks/JavaScriptCore.framework; sourceTree = SDKROOT; };
		A0C7D34A4EE744D9A2CDFB75 /* AntDesign.ttf */ = {isa = PBXFileReference; name = "AntDesign.ttf"; path = "../node_modules/react-native-vector-icons/Fonts/AntDesign.ttf"; sourceTree = "<group>"; fileEncoding = undefined; lastKnownFileType = unknown; explicitFileType = undefined; includeInIndex = 0; };
		5E265F08851B431B8A0732DB /* Entypo.ttf */ = {isa = PBXFileReference; name = "Entypo.ttf"; path = "../node_modules/react-native-vector-icons/Fonts/Entypo.ttf"; sourceTree = "<group>"; fileEncoding = undefined; lastKnownFileType = unknown; explicitFileType = undefined; includeInIndex = 0; };
		C8721D7A143949C3AA29767E /* EvilIcons.ttf */ = {isa = PBXFileReference; name = "EvilIcons.ttf"; path = "../node_modules/react-native-vector-icons/Fonts/EvilIcons.ttf"; sourceTree = "<group>"; fileEncoding = undefined; lastKnownFileType = unknown; explicitFileType = undefined; includeInIndex = 0; };
		0ED9A423F0D04E11A661258A /* Feather.ttf */ = {isa = PBXFileReference; name = "Feather.ttf"; path = "../node_modules/react-native-vector-icons/Fonts/Feather.ttf"; sourceTree = "<group>"; fileEncoding = undefined; lastKnownFileType = unknown; explicitFileType = undefined; includeInIndex = 0; };
		AB40F852BD66496A8CB824EB /* FontAwesome.ttf */ = {isa = PBXFileReference; name = "FontAwesome.ttf"; path = "../node_modules/react-native-vector-icons/Fonts/FontAwesome.ttf"; sourceTree = "<group>"; fileEncoding = undefined; lastKnownFileType = unknown; explicitFileType = undefined; includeInIndex = 0; };
		754A28D694A2482C818EE4D3 /* FontAwesome5_Brands.ttf */ = {isa = PBXFileReference; name = "FontAwesome5_Brands.ttf"; path = "../node_modules/react-native-vector-icons/Fonts/FontAwesome5_Brands.ttf"; sourceTree = "<group>"; fileEncoding = undefined; lastKnownFileType = unknown; explicitFileType = undefined; includeInIndex = 0; };
		65376AD1CB8B488D89CC0E14 /* FontAwesome5_Regular.ttf */ = {isa = PBXFileReference; name = "FontAwesome5_Regular.ttf"; path = "../node_modules/react-native-vector-icons/Fonts/FontAwesome5_Regular.ttf"; sourceTree = "<group>"; fileEncoding = undefined; lastKnownFileType = unknown; explicitFileType = undefined; includeInIndex = 0; };
		2F82F48993CF4166994B8C95 /* FontAwesome5_Solid.ttf */ = {isa = PBXFileReference; name = "FontAwesome5_Solid.ttf"; path = "../node_modules/react-native-vector-icons/Fonts/FontAwesome5_Solid.ttf"; sourceTree = "<group>"; fileEncoding = undefined; lastKnownFileType = unknown; explicitFileType = undefined; includeInIndex = 0; };
		3E6E17CBFE6640DFBEB23B98 /* Fontisto.ttf */ = {isa = PBXFileReference; name = "Fontisto.ttf"; path = "../node_modules/react-native-vector-icons/Fonts/Fontisto.ttf"; sourceTree = "<group>"; fileEncoding = undefined; lastKnownFileType = unknown; explicitFileType = undefined; includeInIndex = 0; };
		F78E2ABF77544830B482EA29 /* Foundation.ttf */ = {isa = PBXFileReference; name = "Foundation.ttf"; path = "../node_modules/react-native-vector-icons/Fonts/Foundation.ttf"; sourceTree = "<group>"; fileEncoding = undefined; lastKnownFileType = unknown; explicitFileType = undefined; includeInIndex = 0; };
		11FE755FB23B441D80FA62D7 /* Ionicons.ttf */ = {isa = PBXFileReference; name = "Ionicons.ttf"; path = "../node_modules/react-native-vector-icons/Fonts/Ionicons.ttf"; sourceTree = "<group>"; fileEncoding = undefined; lastKnownFileType = unknown; explicitFileType = undefined; includeInIndex = 0; };
		28CB4486DF9D4242828EFCD1 /* MaterialCommunityIcons.ttf */ = {isa = PBXFileReference; name = "MaterialCommunityIcons.ttf"; path = "../node_modules/react-native-vector-icons/Fonts/MaterialCommunityIcons.ttf"; sourceTree = "<group>"; fileEncoding = undefined; lastKnownFileType = unknown; explicitFileType = undefined; includeInIndex = 0; };
		6B1EBD6C716548C19640F10C /* MaterialIcons.ttf */ = {isa = PBXFileReference; name = "MaterialIcons.ttf"; path = "../node_modules/react-native-vector-icons/Fonts/MaterialIcons.ttf"; sourceTree = "<group>"; fileEncoding = undefined; lastKnownFileType = unknown; explicitFileType = undefined; includeInIndex = 0; };
		780E86BBDCBC4712B362CC81 /* Octicons.ttf */ = {isa = PBXFileReference; name = "Octicons.ttf"; path = "../node_modules/react-native-vector-icons/Fonts/Octicons.ttf"; sourceTree = "<group>"; fileEncoding = undefined; lastKnownFileType = unknown; explicitFileType = undefined; includeInIndex = 0; };
		B629C0B2953E45AD9FD87BDA /* SimpleLineIcons.ttf */ = {isa = PBXFileReference; name = "SimpleLineIcons.ttf"; path = "../node_modules/react-native-vector-icons/Fonts/SimpleLineIcons.ttf"; sourceTree = "<group>"; fileEncoding = undefined; lastKnownFileType = unknown; explicitFileType = undefined; includeInIndex = 0; };
		8E4E391CF31E495A8B84244E /* Zocial.ttf */ = {isa = PBXFileReference; name = "Zocial.ttf"; path = "../node_modules/react-native-vector-icons/Fonts/Zocial.ttf"; sourceTree = "<group>"; fileEncoding = undefined; lastKnownFileType = unknown; explicitFileType = undefined; includeInIndex = 0; };
		7E043514BC8F48FFAA7C8E44 /* Exo-Black.ttf */ = {isa = PBXFileReference; name = "Exo-Black.ttf"; path = "../src/resource/font/Exo-Black.ttf"; sourceTree = "<group>"; fileEncoding = undefined; lastKnownFileType = unknown; explicitFileType = undefined; includeInIndex = 0; };
		47E2F2B2B3F449FE822283CA /* Exo-BlackItalic.ttf */ = {isa = PBXFileReference; name = "Exo-BlackItalic.ttf"; path = "../src/resource/font/Exo-BlackItalic.ttf"; sourceTree = "<group>"; fileEncoding = undefined; lastKnownFileType = unknown; explicitFileType = undefined; includeInIndex = 0; };
		04D1ED07272946179B9D92D5 /* Exo-Bold.ttf */ = {isa = PBXFileReference; name = "Exo-Bold.ttf"; path = "../src/resource/font/Exo-Bold.ttf"; sourceTree = "<group>"; fileEncoding = undefined; lastKnownFileType = unknown; explicitFileType = undefined; includeInIndex = 0; };
		297F0B59083A442C9E701B84 /* Exo-BoldItalic.ttf */ = {isa = PBXFileReference; name = "Exo-BoldItalic.ttf"; path = "../src/resource/font/Exo-BoldItalic.ttf"; sourceTree = "<group>"; fileEncoding = undefined; lastKnownFileType = unknown; explicitFileType = undefined; includeInIndex = 0; };
		326030A9735E48199C42F48C /* Exo-ExtraBold.ttf */ = {isa = PBXFileReference; name = "Exo-ExtraBold.ttf"; path = "../src/resource/font/Exo-ExtraBold.ttf"; sourceTree = "<group>"; fileEncoding = undefined; lastKnownFileType = unknown; explicitFileType = undefined; includeInIndex = 0; };
		57B10BBED9B64BAD932416B5 /* Exo-ExtraBoldItalic.ttf */ = {isa = PBXFileReference; name = "Exo-ExtraBoldItalic.ttf"; path = "../src/resource/font/Exo-ExtraBoldItalic.ttf"; sourceTree = "<group>"; fileEncoding = undefined; lastKnownFileType = unknown; explicitFileType = undefined; includeInIndex = 0; };
		72663C396011444BB0A4F148 /* Exo-ExtraLight.ttf */ = {isa = PBXFileReference; name = "Exo-ExtraLight.ttf"; path = "../src/resource/font/Exo-ExtraLight.ttf"; sourceTree = "<group>"; fileEncoding = undefined; lastKnownFileType = unknown; explicitFileType = undefined; includeInIndex = 0; };
		B2CC8B119DC24A90A9D083FE /* Exo-ExtraLightItalic.ttf */ = {isa = PBXFileReference; name = "Exo-ExtraLightItalic.ttf"; path = "../src/resource/font/Exo-ExtraLightItalic.ttf"; sourceTree = "<group>"; fileEncoding = undefined; lastKnownFileType = unknown; explicitFileType = undefined; includeInIndex = 0; };
		2207B23A9A344D0286DC5A92 /* Exo-Italic.ttf */ = {isa = PBXFileReference; name = "Exo-Italic.ttf"; path = "../src/resource/font/Exo-Italic.ttf"; sourceTree = "<group>"; fileEncoding = undefined; lastKnownFileType = unknown; explicitFileType = undefined; includeInIndex = 0; };
		57C731D176444A81B88BB8F3 /* Exo-Light.ttf */ = {isa = PBXFileReference; name = "Exo-Light.ttf"; path = "../src/resource/font/Exo-Light.ttf"; sourceTree = "<group>"; fileEncoding = undefined; lastKnownFileType = unknown; explicitFileType = undefined; includeInIndex = 0; };
		90409B9FED854713BBEB2E2E /* Exo-LightItalic.ttf */ = {isa = PBXFileReference; name = "Exo-LightItalic.ttf"; path = "../src/resource/font/Exo-LightItalic.ttf"; sourceTree = "<group>"; fileEncoding = undefined; lastKnownFileType = unknown; explicitFileType = undefined; includeInIndex = 0; };
		7946518CCB7144029539B620 /* Exo-Medium.ttf */ = {isa = PBXFileReference; name = "Exo-Medium.ttf"; path = "../src/resource/font/Exo-Medium.ttf"; sourceTree = "<group>"; fileEncoding = undefined; lastKnownFileType = unknown; explicitFileType = undefined; includeInIndex = 0; };
		BD6E85CB642649F895E836F6 /* Exo-MediumItalic.ttf */ = {isa = PBXFileReference; name = "Exo-MediumItalic.ttf"; path = "../src/resource/font/Exo-MediumItalic.ttf"; sourceTree = "<group>"; fileEncoding = undefined; lastKnownFileType = unknown; explicitFileType = undefined; includeInIndex = 0; };
		FA052E3313974C6BBB087FE3 /* Exo-Regular.ttf */ = {isa = PBXFileReference; name = "Exo-Regular.ttf"; path = "../src/resource/font/Exo-Regular.ttf"; sourceTree = "<group>"; fileEncoding = undefined; lastKnownFileType = unknown; explicitFileType = undefined; includeInIndex = 0; };
		02598C94072C4F3CACA273DF /* Exo-SemiBold.ttf */ = {isa = PBXFileReference; name = "Exo-SemiBold.ttf"; path = "../src/resource/font/Exo-SemiBold.ttf"; sourceTree = "<group>"; fileEncoding = undefined; lastKnownFileType = unknown; explicitFileType = undefined; includeInIndex = 0; };
		0B64CEE245084DE3A4D85942 /* Exo-SemiBoldItalic.ttf */ = {isa = PBXFileReference; name = "Exo-SemiBoldItalic.ttf"; path = "../src/resource/font/Exo-SemiBoldItalic.ttf"; sourceTree = "<group>"; fileEncoding = undefined; lastKnownFileType = unknown; explicitFileType = undefined; includeInIndex = 0; };
		0C793E22E97740ED82F16D1A /* Exo-Thin.ttf */ = {isa = PBXFileReference; name = "Exo-Thin.ttf"; path = "../src/resource/font/Exo-Thin.ttf"; sourceTree = "<group>"; fileEncoding = undefined; lastKnownFileType = unknown; explicitFileType = undefined; includeInIndex = 0; };
		A3118C1B8D2A4DCF8D4874E9 /* Exo-ThinItalic.ttf */ = {isa = PBXFileReference; name = "Exo-ThinItalic.ttf"; path = "../src/resource/font/Exo-ThinItalic.ttf"; sourceTree = "<group>"; fileEncoding = undefined; lastKnownFileType = unknown; explicitFileType = undefined; includeInIndex = 0; };
/* End PBXFileReference section */

/* Begin PBXFrameworksBuildPhase section */
		00E356EB1AD99517003FC87E /* Frameworks */ = {
			isa = PBXFrameworksBuildPhase;
			buildActionMask = 2147483647;
			files = (
			);
			runOnlyForDeploymentPostprocessing = 0;
		};
		13B07F8C1A680F5B00A75B9A /* Frameworks */ = {
			isa = PBXFrameworksBuildPhase;
			buildActionMask = 2147483647;
			files = (
			);
			runOnlyForDeploymentPostprocessing = 0;
		};
/* End PBXFrameworksBuildPhase section */

/* Begin PBXGroup section */
		00E356EF1AD99517003FC87E /* minusmayacontrolteacherTests */ = {
			isa = PBXGroup;
			children = (
				00E356F21AD99517003FC87E /* minusmayacontrolteacherTests.m */,
				00E356F01AD99517003FC87E /* Supporting Files */,
			);
			path = minusmayacontrolteacherTests;
			sourceTree = "<group>";
		};
		00E356F01AD99517003FC87E /* Supporting Files */ = {
			isa = PBXGroup;
			children = (
				00E356F11AD99517003FC87E /* Info.plist */,
			);
			name = "Supporting Files";
			sourceTree = "<group>";
		};
		13B07FAE1A68108700A75B9A /* minusmayacontrolteacher */ = {
			isa = PBXGroup;
			children = (
				13B07FAF1A68108700A75B9A /* AppDelegate.h */,
				13B07FB01A68108700A75B9A /* AppDelegate.m */,
				13B07FB51A68108700A75B9A /* Images.xcassets */,
				13B07FB61A68108700A75B9A /* Info.plist */,
				81AB9BB72411601600AC10FF /* LaunchScreen.storyboard */,
				13B07FB71A68108700A75B9A /* main.m */,
			);
			name = minusmayacontrolteacher;
			sourceTree = "<group>";
		};
		2D16E6871FA4F8E400B85C8A /* Frameworks */ = {
			isa = PBXGroup;
			children = (
				ED297162215061F000B7C4FE /* JavaScriptCore.framework */,
			);
			name = Frameworks;
			sourceTree = "<group>";
		};
		832341AE1AAA6A7D00B99B32 /* Libraries */ = {
			isa = PBXGroup;
			children = (
			);
			name = Libraries;
			sourceTree = "<group>";
		};
		83CBB9F61A601CBA00E9B192 = {
			isa = PBXGroup;
			children = (
				13B07FAE1A68108700A75B9A /* minusmayacontrolteacher */,
				832341AE1AAA6A7D00B99B32 /* Libraries */,
				00E356EF1AD99517003FC87E /* minusmayacontrolteacherTests */,
				83CBBA001A601CBA00E9B192 /* Products */,
				2D16E6871FA4F8E400B85C8A /* Frameworks */,
				4F99BF3B62264F849189E730 /* Resources */,
			);
			indentWidth = 2;
			sourceTree = "<group>";
			tabWidth = 2;
			usesTabs = 0;
		};
		83CBBA001A601CBA00E9B192 /* Products */ = {
			isa = PBXGroup;
			children = (
				13B07F961A680F5B00A75B9A /* minusmayacontrolteacher.app */,
				00E356EE1AD99517003FC87E /* minusmayacontrolteacherTests.xctest */,
			);
			name = Products;
			sourceTree = "<group>";
		};
		4F99BF3B62264F849189E730 /* Resources */ = {
			isa = "PBXGroup";
			children = (
				A0C7D34A4EE744D9A2CDFB75 /* AntDesign.ttf */,
				5E265F08851B431B8A0732DB /* Entypo.ttf */,
				C8721D7A143949C3AA29767E /* EvilIcons.ttf */,
				0ED9A423F0D04E11A661258A /* Feather.ttf */,
				AB40F852BD66496A8CB824EB /* FontAwesome.ttf */,
				754A28D694A2482C818EE4D3 /* FontAwesome5_Brands.ttf */,
				65376AD1CB8B488D89CC0E14 /* FontAwesome5_Regular.ttf */,
				2F82F48993CF4166994B8C95 /* FontAwesome5_Solid.ttf */,
				3E6E17CBFE6640DFBEB23B98 /* Fontisto.ttf */,
				F78E2ABF77544830B482EA29 /* Foundation.ttf */,
				11FE755FB23B441D80FA62D7 /* Ionicons.ttf */,
				28CB4486DF9D4242828EFCD1 /* MaterialCommunityIcons.ttf */,
				6B1EBD6C716548C19640F10C /* MaterialIcons.ttf */,
				780E86BBDCBC4712B362CC81 /* Octicons.ttf */,
				B629C0B2953E45AD9FD87BDA /* SimpleLineIcons.ttf */,
				8E4E391CF31E495A8B84244E /* Zocial.ttf */,
				7E043514BC8F48FFAA7C8E44 /* Exo-Black.ttf */,
				47E2F2B2B3F449FE822283CA /* Exo-BlackItalic.ttf */,
				04D1ED07272946179B9D92D5 /* Exo-Bold.ttf */,
				297F0B59083A442C9E701B84 /* Exo-BoldItalic.ttf */,
				326030A9735E48199C42F48C /* Exo-ExtraBold.ttf */,
				57B10BBED9B64BAD932416B5 /* Exo-ExtraBoldItalic.ttf */,
				72663C396011444BB0A4F148 /* Exo-ExtraLight.ttf */,
				B2CC8B119DC24A90A9D083FE /* Exo-ExtraLightItalic.ttf */,
				2207B23A9A344D0286DC5A92 /* Exo-Italic.ttf */,
				57C731D176444A81B88BB8F3 /* Exo-Light.ttf */,
				90409B9FED854713BBEB2E2E /* Exo-LightItalic.ttf */,
				7946518CCB7144029539B620 /* Exo-Medium.ttf */,
				BD6E85CB642649F895E836F6 /* Exo-MediumItalic.ttf */,
				FA052E3313974C6BBB087FE3 /* Exo-Regular.ttf */,
				02598C94072C4F3CACA273DF /* Exo-SemiBold.ttf */,
				0B64CEE245084DE3A4D85942 /* Exo-SemiBoldItalic.ttf */,
				0C793E22E97740ED82F16D1A /* Exo-Thin.ttf */,
				A3118C1B8D2A4DCF8D4874E9 /* Exo-ThinItalic.ttf */,
			);
			name = Resources;
			sourceTree = "<group>";
			path = "";
		};
/* End PBXGroup section */

/* Begin PBXNativeTarget section */
		00E356ED1AD99517003FC87E /* minusmayacontrolteacherTests */ = {
			isa = PBXNativeTarget;
			buildConfigurationList = 00E357021AD99517003FC87E /* Build configuration list for PBXNativeTarget "minusmayacontrolteacherTests" */;
			buildPhases = (
				00E356EA1AD99517003FC87E /* Sources */,
				00E356EB1AD99517003FC87E /* Frameworks */,
				00E356EC1AD99517003FC87E /* Resources */,
			);
			buildRules = (
			);
			dependencies = (
				00E356F51AD99517003FC87E /* PBXTargetDependency */,
			);
			name = minusmayacontrolteacherTests;
			productName = minusmayacontrolteacherTests;
			productReference = 00E356EE1AD99517003FC87E /* minusmayacontrolteacherTests.xctest */;
			productType = "com.apple.product-type.bundle.unit-test";
		};
		13B07F861A680F5B00A75B9A /* minusmayacontrolteacher */ = {
			isa = PBXNativeTarget;
			buildConfigurationList = 13B07F931A680F5B00A75B9A /* Build configuration list for PBXNativeTarget "minusmayacontrolteacher" */;
			buildPhases = (
				FD10A7F022414F080027D42C /* Start Packager */,
				13B07F871A680F5B00A75B9A /* Sources */,
				13B07F8C1A680F5B00A75B9A /* Frameworks */,
				13B07F8E1A680F5B00A75B9A /* Resources */,
				00DD1BFF1BD5951E006B06BC /* Bundle React Native code and images */,
			);
			buildRules = (
			);
			dependencies = (
			);
			name = minusmayacontrolteacher;
			productName = minusmayacontrolteacher;
			productReference = 13B07F961A680F5B00A75B9A /* minusmayacontrolteacher.app */;
			productType = "com.apple.product-type.application";
		};
/* End PBXNativeTarget section */

/* Begin PBXProject section */
		83CBB9F71A601CBA00E9B192 /* Project object */ = {
			isa = PBXProject;
			attributes = {
				LastUpgradeCheck = 1210;
				TargetAttributes = {
					00E356ED1AD99517003FC87E = {
						CreatedOnToolsVersion = 6.2;
						TestTargetID = 13B07F861A680F5B00A75B9A;
					};
					13B07F861A680F5B00A75B9A = {
						LastSwiftMigration = 1120;
					};
				};
			};
			buildConfigurationList = 83CBB9FA1A601CBA00E9B192 /* Build configuration list for PBXProject "minusmayacontrolteacher" */;
			compatibilityVersion = "Xcode 12.0";
			developmentRegion = en;
			hasScannedForEncodings = 0;
			knownRegions = (
				en,
				Base,
			);
			mainGroup = 83CBB9F61A601CBA00E9B192;
			productRefGroup = 83CBBA001A601CBA00E9B192 /* Products */;
			projectDirPath = "";
			projectRoot = "";
			targets = (
				13B07F861A680F5B00A75B9A /* minusmayacontrolteacher */,
				00E356ED1AD99517003FC87E /* minusmayacontrolteacherTests */,
			);
		};
/* End PBXProject section */

/* Begin PBXResourcesBuildPhase section */
		00E356EC1AD99517003FC87E /* Resources */ = {
			isa = PBXResourcesBuildPhase;
			buildActionMask = 2147483647;
			files = (
			);
			runOnlyForDeploymentPostprocessing = 0;
		};
		13B07F8E1A680F5B00A75B9A /* Resources */ = {
			isa = PBXResourcesBuildPhase;
			buildActionMask = 2147483647;
			files = (
				81AB9BB82411601600AC10FF /* LaunchScreen.storyboard in Resources */,
				13B07FBF1A68108700A75B9A /* Images.xcassets in Resources */,
				7D53854F91234AD397DE8B1F /* AntDesign.ttf in Resources */,
				66E26F8ECA01407795173443 /* Entypo.ttf in Resources */,
				598686C7B6D241C7B631EF39 /* EvilIcons.ttf in Resources */,
				6BA2AAEAFA274A27A8C642FA /* Feather.ttf in Resources */,
				40A146BC71E8453D847485C2 /* FontAwesome.ttf in Resources */,
				DBF58B2D442344A1811D284C /* FontAwesome5_Brands.ttf in Resources */,
				AA42918C9C114FC6A8B54715 /* FontAwesome5_Regular.ttf in Resources */,
				69CAEB5C275C4906A1258B27 /* FontAwesome5_Solid.ttf in Resources */,
				DF6267E61D6E4E609CF50779 /* Fontisto.ttf in Resources */,
				F7D39DD4AF4940108A447A80 /* Foundation.ttf in Resources */,
				AAD248C466374B50A2693CFC /* Ionicons.ttf in Resources */,
				6399428E925A41B1B887A98E /* MaterialCommunityIcons.ttf in Resources */,
				46DDF121E614484D87A07A4E /* MaterialIcons.ttf in Resources */,
				915A2EE5DAC74527B1B059A5 /* Octicons.ttf in Resources */,
				5FBA6097D5F048EC834C5C0F /* SimpleLineIcons.ttf in Resources */,
				1A1FE54A9F3D49A2A6311CEB /* Zocial.ttf in Resources */,
				CDAB400EBDB94D15A1264E30 /* Exo-Black.ttf in Resources */,
				1895B0BC83244B3AB2526EC6 /* Exo-BlackItalic.ttf in Resources */,
				CCD8E9E0316048CC9BB68139 /* Exo-Bold.ttf in Resources */,
				7347284C482D4282A6E8F8AB /* Exo-BoldItalic.ttf in Resources */,
				24B58B3097C941759A6FE8D4 /* Exo-ExtraBold.ttf in Resources */,
				164DA56EC76E4ED3804C6C0B /* Exo-ExtraBoldItalic.ttf in Resources */,
				7EABB765F2964F5AACB0CCE9 /* Exo-ExtraLight.ttf in Resources */,
				8328297D0F2F416795194420 /* Exo-ExtraLightItalic.ttf in Resources */,
				C11D4B9F20B9444E85CDF87B /* Exo-Italic.ttf in Resources */,
				E5D65918091C455D97E0AD1F /* Exo-Light.ttf in Resources */,
				62FC27FC4BBF43929ACFF647 /* Exo-LightItalic.ttf in Resources */,
				7F09212D5F7548D0AB456B83 /* Exo-Medium.ttf in Resources */,
				55589C99FC5E4D11A18F04D0 /* Exo-MediumItalic.ttf in Resources */,
				321DCFE1777E48B0B2BC9322 /* Exo-Regular.ttf in Resources */,
				37A78795DB7A41DD88B144A6 /* Exo-SemiBold.ttf in Resources */,
				8E4C43904D0E4CD1A3313164 /* Exo-SemiBoldItalic.ttf in Resources */,
				8FC70AA0E278421286E7E951 /* Exo-Thin.ttf in Resources */,
				701F6A223104443CA6D301ED /* Exo-ThinItalic.ttf in Resources */,
			);
			runOnlyForDeploymentPostprocessing = 0;
		};
/* End PBXResourcesBuildPhase section */

/* Begin PBXShellScriptBuildPhase section */
		00DD1BFF1BD5951E006B06BC /* Bundle React Native code and images */ = {
			isa = PBXShellScriptBuildPhase;
			buildActionMask = 2147483647;
			files = (
			);
			inputPaths = (
			);
			name = "Bundle React Native code and images";
			outputPaths = (
			);
			runOnlyForDeploymentPostprocessing = 0;
			shellPath = /bin/sh;
			shellScript = "set -e\n\nexport NODE_BINARY=node\n../node_modules/react-native/scripts/react-native-xcode.sh\n";
		};
		FD10A7F022414F080027D42C /* Start Packager */ = {
			isa = PBXShellScriptBuildPhase;
			buildActionMask = 2147483647;
			files = (
			);
			inputFileListPaths = (
			);
			inputPaths = (
			);
			name = "Start Packager";
			outputFileListPaths = (
			);
			outputPaths = (
			);
			runOnlyForDeploymentPostprocessing = 0;
			shellPath = /bin/sh;
			shellScript = "export RCT_METRO_PORT=\"${RCT_METRO_PORT:=8081}\"\necho \"export RCT_METRO_PORT=${RCT_METRO_PORT}\" > \"${SRCROOT}/../node_modules/react-native/scripts/.packager.env\"\nif [ -z \"${RCT_NO_LAUNCH_PACKAGER+xxx}\" ] ; then\n  if nc -w 5 -z localhost ${RCT_METRO_PORT} ; then\n    if ! curl -s \"http://localhost:${RCT_METRO_PORT}/status\" | grep -q \"packager-status:running\" ; then\n      echo \"Port ${RCT_METRO_PORT} already in use, packager is either not running or not running correctly\"\n      exit 2\n    fi\n  else\n    open \"$SRCROOT/../node_modules/react-native/scripts/launchPackager.command\" || echo \"Can't start packager automatically\"\n  fi\nfi\n";
			showEnvVarsInLog = 0;
		};
/* End PBXShellScriptBuildPhase section */

/* Begin PBXSourcesBuildPhase section */
		00E356EA1AD99517003FC87E /* Sources */ = {
			isa = PBXSourcesBuildPhase;
			buildActionMask = 2147483647;
			files = (
				00E356F31AD99517003FC87E /* minusmayacontrolteacherTests.m in Sources */,
			);
			runOnlyForDeploymentPostprocessing = 0;
		};
		13B07F871A680F5B00A75B9A /* Sources */ = {
			isa = PBXSourcesBuildPhase;
			buildActionMask = 2147483647;
			files = (
				13B07FBC1A68108700A75B9A /* AppDelegate.m in Sources */,
				13B07FC11A68108700A75B9A /* main.m in Sources */,
			);
			runOnlyForDeploymentPostprocessing = 0;
		};
/* End PBXSourcesBuildPhase section */

/* Begin PBXTargetDependency section */
		00E356F51AD99517003FC87E /* PBXTargetDependency */ = {
			isa = PBXTargetDependency;
			target = 13B07F861A680F5B00A75B9A /* minusmayacontrolteacher */;
			targetProxy = 00E356F41AD99517003FC87E /* PBXContainerItemProxy */;
		};
/* End PBXTargetDependency section */

/* Begin XCBuildConfiguration section */
		00E356F61AD99517003FC87E /* Debug */ = {
			isa = XCBuildConfiguration;
			buildSettings = {
				BUNDLE_LOADER = "$(TEST_HOST)";
				GCC_PREPROCESSOR_DEFINITIONS = (
					"DEBUG=1",
					"$(inherited)",
				);
				INFOPLIST_FILE = minusmayacontrolteacherTests/Info.plist;
				IPHONEOS_DEPLOYMENT_TARGET = 10.0;
				LD_RUNPATH_SEARCH_PATHS = (
					"$(inherited)",
					"@executable_path/Frameworks",
					"@loader_path/Frameworks",
				);
				OTHER_LDFLAGS = (
					"-ObjC",
					"-lc++",
					"$(inherited)",
				);
				PRODUCT_BUNDLE_IDENTIFIER = "org.reactjs.native.example.$(PRODUCT_NAME:rfc1034identifier)";
				PRODUCT_NAME = "$(TARGET_NAME)";
				TEST_HOST = "$(BUILT_PRODUCTS_DIR)/minusmayacontrolteacher.app/minusmayacontrolteacher";
			};
			name = Debug;
		};
		00E356F71AD99517003FC87E /* Release */ = {
			isa = XCBuildConfiguration;
			buildSettings = {
				BUNDLE_LOADER = "$(TEST_HOST)";
				COPY_PHASE_STRIP = NO;
				INFOPLIST_FILE = minusmayacontrolteacherTests/Info.plist;
				IPHONEOS_DEPLOYMENT_TARGET = 10.0;
				LD_RUNPATH_SEARCH_PATHS = (
					"$(inherited)",
					"@executable_path/Frameworks",
					"@loader_path/Frameworks",
				);
				OTHER_LDFLAGS = (
					"-ObjC",
					"-lc++",
					"$(inherited)",
				);
				PRODUCT_BUNDLE_IDENTIFIER = "org.reactjs.native.example.$(PRODUCT_NAME:rfc1034identifier)";
				PRODUCT_NAME = "$(TARGET_NAME)";
				TEST_HOST = "$(BUILT_PRODUCTS_DIR)/minusmayacontrolteacher.app/minusmayacontrolteacher";
			};
			name = Release;
		};
		13B07F941A680F5B00A75B9A /* Debug */ = {
			isa = XCBuildConfiguration;
			buildSettings = {
				ASSETCATALOG_COMPILER_APPICON_NAME = AppIcon;
				CLANG_ENABLE_MODULES = YES;
				CURRENT_PROJECT_VERSION = 1;
				ENABLE_BITCODE = NO;
				INFOPLIST_FILE = minusmayacontrolteacher/Info.plist;
				LD_RUNPATH_SEARCH_PATHS = (
					"$(inherited)",
					"@executable_path/Frameworks",
				);
				OTHER_LDFLAGS = (
					"$(inherited)",
					"-ObjC",
					"-lc++",
				);
				PRODUCT_BUNDLE_IDENTIFIER = "org.reactjs.native.example.$(PRODUCT_NAME:rfc1034identifier)";
				PRODUCT_NAME = minusmayacontrolteacher;
				SWIFT_OPTIMIZATION_LEVEL = "-Onone";
				SWIFT_VERSION = 5.0;
				VERSIONING_SYSTEM = "apple-generic";
			};
			name = Debug;
		};
		13B07F951A680F5B00A75B9A /* Release */ = {
			isa = XCBuildConfiguration;
			buildSettings = {
				ASSETCATALOG_COMPILER_APPICON_NAME = AppIcon;
				CLANG_ENABLE_MODULES = YES;
				CURRENT_PROJECT_VERSION = 1;
				INFOPLIST_FILE = minusmayacontrolteacher/Info.plist;
				LD_RUNPATH_SEARCH_PATHS = (
					"$(inherited)",
					"@executable_path/Frameworks",
				);
				OTHER_LDFLAGS = (
					"$(inherited)",
					"-ObjC",
					"-lc++",
				);
				PRODUCT_BUNDLE_IDENTIFIER = "org.reactjs.native.example.$(PRODUCT_NAME:rfc1034identifier)";
				PRODUCT_NAME = minusmayacontrolteacher;
				SWIFT_VERSION = 5.0;
				VERSIONING_SYSTEM = "apple-generic";
			};
			name = Release;
		};
		83CBBA201A601CBA00E9B192 /* Debug */ = {
			isa = XCBuildConfiguration;
			buildSettings = {
				ALWAYS_SEARCH_USER_PATHS = NO;
				CLANG_ANALYZER_LOCALIZABILITY_NONLOCALIZED = YES;
				CLANG_CXX_LANGUAGE_STANDARD = "gnu++0x";
				CLANG_CXX_LIBRARY = "libc++";
				CLANG_ENABLE_MODULES = YES;
				CLANG_ENABLE_OBJC_ARC = YES;
				CLANG_WARN_BLOCK_CAPTURE_AUTORELEASING = YES;
				CLANG_WARN_BOOL_CONVERSION = YES;
				CLANG_WARN_COMMA = YES;
				CLANG_WARN_CONSTANT_CONVERSION = YES;
				CLANG_WARN_DEPRECATED_OBJC_IMPLEMENTATIONS = YES;
				CLANG_WARN_DIRECT_OBJC_ISA_USAGE = YES_ERROR;
				CLANG_WARN_EMPTY_BODY = YES;
				CLANG_WARN_ENUM_CONVERSION = YES;
				CLANG_WARN_INFINITE_RECURSION = YES;
				CLANG_WARN_INT_CONVERSION = YES;
				CLANG_WARN_NON_LITERAL_NULL_CONVERSION = YES;
				CLANG_WARN_OBJC_IMPLICIT_RETAIN_SELF = YES;
				CLANG_WARN_OBJC_LITERAL_CONVERSION = YES;
				CLANG_WARN_OBJC_ROOT_CLASS = YES_ERROR;
				CLANG_WARN_QUOTED_INCLUDE_IN_FRAMEWORK_HEADER = YES;
				CLANG_WARN_RANGE_LOOP_ANALYSIS = YES;
				CLANG_WARN_STRICT_PROTOTYPES = YES;
				CLANG_WARN_SUSPICIOUS_MOVE = YES;
				CLANG_WARN_UNREACHABLE_CODE = YES;
				CLANG_WARN__DUPLICATE_METHOD_MATCH = YES;
				"CODE_SIGN_IDENTITY[sdk=iphoneos*]" = "iPhone Developer";
				COPY_PHASE_STRIP = NO;
				ENABLE_STRICT_OBJC_MSGSEND = YES;
				ENABLE_TESTABILITY = YES;
				GCC_C_LANGUAGE_STANDARD = gnu99;
				GCC_DYNAMIC_NO_PIC = NO;
				GCC_NO_COMMON_BLOCKS = YES;
				GCC_OPTIMIZATION_LEVEL = 0;
				GCC_PREPROCESSOR_DEFINITIONS = (
					"DEBUG=1",
					"$(inherited)",
				);
				GCC_SYMBOLS_PRIVATE_EXTERN = NO;
				GCC_WARN_64_TO_32_BIT_CONVERSION = YES;
				GCC_WARN_ABOUT_RETURN_TYPE = YES_ERROR;
				GCC_WARN_UNDECLARED_SELECTOR = YES;
				GCC_WARN_UNINITIALIZED_AUTOS = YES_AGGRESSIVE;
				GCC_WARN_UNUSED_FUNCTION = YES;
				GCC_WARN_UNUSED_VARIABLE = YES;
				IPHONEOS_DEPLOYMENT_TARGET = 10.0;
				LD_RUNPATH_SEARCH_PATHS = (
					/usr/lib/swift,
					"$(inherited)",
				);
				LIBRARY_SEARCH_PATHS = (
					"\"$(TOOLCHAIN_DIR)/usr/lib/swift/$(PLATFORM_NAME)\"",
					"\"$(TOOLCHAIN_DIR)/usr/lib/swift-5.0/$(PLATFORM_NAME)\"",
					"\"$(inherited)\"",
				);
				MTL_ENABLE_DEBUG_INFO = YES;
				ONLY_ACTIVE_ARCH = YES;
				SDKROOT = iphoneos;
			};
			name = Debug;
		};
		83CBBA211A601CBA00E9B192 /* Release */ = {
			isa = XCBuildConfiguration;
			buildSettings = {
				ALWAYS_SEARCH_USER_PATHS = NO;
				CLANG_ANALYZER_LOCALIZABILITY_NONLOCALIZED = YES;
				CLANG_CXX_LANGUAGE_STANDARD = "gnu++0x";
				CLANG_CXX_LIBRARY = "libc++";
				CLANG_ENABLE_MODULES = YES;
				CLANG_ENABLE_OBJC_ARC = YES;
				CLANG_WARN_BLOCK_CAPTURE_AUTORELEASING = YES;
				CLANG_WARN_BOOL_CONVERSION = YES;
				CLANG_WARN_COMMA = YES;
				CLANG_WARN_CONSTANT_CONVERSION = YES;
				CLANG_WARN_DEPRECATED_OBJC_IMPLEMENTATIONS = YES;
				CLANG_WARN_DIRECT_OBJC_ISA_USAGE = YES_ERROR;
				CLANG_WARN_EMPTY_BODY = YES;
				CLANG_WARN_ENUM_CONVERSION = YES;
				CLANG_WARN_INFINITE_RECURSION = YES;
				CLANG_WARN_INT_CONVERSION = YES;
				CLANG_WARN_NON_LITERAL_NULL_CONVERSION = YES;
				CLANG_WARN_OBJC_IMPLICIT_RETAIN_SELF = YES;
				CLANG_WARN_OBJC_LITERAL_CONVERSION = YES;
				CLANG_WARN_OBJC_ROOT_CLASS = YES_ERROR;
				CLANG_WARN_QUOTED_INCLUDE_IN_FRAMEWORK_HEADER = YES;
				CLANG_WARN_RANGE_LOOP_ANALYSIS = YES;
				CLANG_WARN_STRICT_PROTOTYPES = YES;
				CLANG_WARN_SUSPICIOUS_MOVE = YES;
				CLANG_WARN_UNREACHABLE_CODE = YES;
				CLANG_WARN__DUPLICATE_METHOD_MATCH = YES;
				"CODE_SIGN_IDENTITY[sdk=iphoneos*]" = "iPhone Developer";
				COPY_PHASE_STRIP = YES;
				ENABLE_NS_ASSERTIONS = NO;
				ENABLE_STRICT_OBJC_MSGSEND = YES;
				GCC_C_LANGUAGE_STANDARD = gnu99;
				GCC_NO_COMMON_BLOCKS = YES;
				GCC_WARN_64_TO_32_BIT_CONVERSION = YES;
				GCC_WARN_ABOUT_RETURN_TYPE = YES_ERROR;
				GCC_WARN_UNDECLARED_SELECTOR = YES;
				GCC_WARN_UNINITIALIZED_AUTOS = YES_AGGRESSIVE;
				GCC_WARN_UNUSED_FUNCTION = YES;
				GCC_WARN_UNUSED_VARIABLE = YES;
				IPHONEOS_DEPLOYMENT_TARGET = 10.0;
				LD_RUNPATH_SEARCH_PATHS = (
					/usr/lib/swift,
					"$(inherited)",
				);
				LIBRARY_SEARCH_PATHS = (
					"\"$(TOOLCHAIN_DIR)/usr/lib/swift/$(PLATFORM_NAME)\"",
					"\"$(TOOLCHAIN_DIR)/usr/lib/swift-5.0/$(PLATFORM_NAME)\"",
					"\"$(inherited)\"",
				);
				MTL_ENABLE_DEBUG_INFO = NO;
				SDKROOT = iphoneos;
				VALIDATE_PRODUCT = YES;
			};
			name = Release;
		};
/* End XCBuildConfiguration section */

/* Begin XCConfigurationList section */
		00E357021AD99517003FC87E /* Build configuration list for PBXNativeTarget "minusmayacontrolteacherTests" */ = {
			isa = XCConfigurationList;
			buildConfigurations = (
				00E356F61AD99517003FC87E /* Debug */,
				00E356F71AD99517003FC87E /* Release */,
			);
			defaultConfigurationIsVisible = 0;
			defaultConfigurationName = Release;
		};
		13B07F931A680F5B00A75B9A /* Build configuration list for PBXNativeTarget "minusmayacontrolteacher" */ = {
			isa = XCConfigurationList;
			buildConfigurations = (
				13B07F941A680F5B00A75B9A /* Debug */,
				13B07F951A680F5B00A75B9A /* Release */,
			);
			defaultConfigurationIsVisible = 0;
			defaultConfigurationName = Release;
		};
		83CBB9FA1A601CBA00E9B192 /* Build configuration list for PBXProject "minusmayacontrolteacher" */ = {
			isa = XCConfigurationList;
			buildConfigurations = (
				83CBBA201A601CBA00E9B192 /* Debug */,
				83CBBA211A601CBA00E9B192 /* Release */,
			);
			defaultConfigurationIsVisible = 0;
			defaultConfigurationName = Release;
		};
/* End XCConfigurationList section */
	};
	rootObject = 83CBB9F71A601CBA00E9B192 /* Project object */;
}
